<?xml version="1.0" encoding="utf-8"?>
<Project ToolsVersion="4.0" xmlns="http://schemas.microsoft.com/developer/msbuild/2003">
  <ItemGroup>
    <Filter Include="Source Files">
      <UniqueIdentifier>{4FC737F1-C7A5-4376-A066-2A32D752A2FF}</UniqueIdentifier>
      <Extensions>cpp;c;cc;cxx;def;odl;idl;hpj;bat;asm;asmx</Extensions>
    </Filter>
    <Filter Include="Header Files">
      <UniqueIdentifier>{93995380-89BD-4b04-88EB-625FBE52EBFB}</UniqueIdentifier>
      <Extensions>h;hh;hpp;hxx;hm;inl;inc;xsd</Extensions>
    </Filter>
    <Filter Include="Resource Files">
      <UniqueIdentifier>{67DA6AB6-F800-4c08-8B7A-83BB121AAD01}</UniqueIdentifier>
      <Extensions>rc;ico;cur;bmp;dlg;rc2;rct;bin;rgs;gif;jpg;jpeg;jpe;resx;tiff;tif;png;wav;mfcribbon-ms</Extensions>
    </Filter>
    <Filter Include="Header Files\Exercises_Cpp">
      <UniqueIdentifier>{1769d152-a928-4ea9-be32-fb2e2f84064d}</UniqueIdentifier>
    </Filter>
    <Filter Include="Header Files\Exercises_Architecture">
      <UniqueIdentifier>{61976162-1edb-4337-8d81-e0114e50003c}</UniqueIdentifier>
    </Filter>
    <Filter Include="Header Files\Test">
      <UniqueIdentifier>{4760d203-d003-43f5-910c-2d2194b8200f}</UniqueIdentifier>
    </Filter>
  </ItemGroup>
  <ItemGroup>
    <ClCompile Include="main.cpp">
      <Filter>Source Files</Filter>
    </ClCompile>
  </ItemGroup>
  <ItemGroup>
    <ClInclude Include="include_math.h">
      <Filter>Header Files</Filter>
    </ClInclude>
    <ClInclude Include="include_containers.h">
      <Filter>Header Files</Filter>
    </ClInclude>
    <ClInclude Include="include_default.h">
      <Filter>Header Files</Filter>
    </ClInclude>
    <ClInclude Include="include_GL.h">
      <Filter>Header Files</Filter>
    </ClInclude>
    <ClInclude Include="include_GUI.h">
      <Filter>Header Files</Filter>
    </ClInclude>
    <ClInclude Include="include_IO.h">
      <Filter>Header Files</Filter>
    </ClInclude>
    <ClInclude Include="exercise_lambdas.h">
      <Filter>Header Files\Exercises_Cpp</Filter>
    </ClInclude>
    <ClInclude Include="exercise_interview.h">
      <Filter>Header Files\Exercises_Cpp</Filter>
    </ClInclude>
    <ClInclude Include="exercise_initializerList.h">
      <Filter>Header Files\Exercises_Cpp</Filter>
    </ClInclude>
    <ClInclude Include="_StyleConventions.h">
      <Filter>Header Files\Exercises_Cpp</Filter>
    </ClInclude>
    <ClInclude Include="exercise_threading.h">
      <Filter>Header Files\Exercises_Cpp</Filter>
    </ClInclude>
    <ClInclude Include="exercise_Memory_Pointers.h">
      <Filter>Header Files\Exercises_Cpp</Filter>
    </ClInclude>
    <ClInclude Include="exercise_forLoops_Functors.h">
      <Filter>Header Files\Exercises_Cpp</Filter>
    </ClInclude>
    <ClInclude Include="exercise_templates.h">
      <Filter>Header Files\Exercises_Cpp</Filter>
    </ClInclude>
    <ClInclude Include="Entity.h">
      <Filter>Header Files\Exercises_Architecture</Filter>
    </ClInclude>
    <ClInclude Include="Component.h">
      <Filter>Header Files\Exercises_Architecture</Filter>
    </ClInclude>
    <ClInclude Include="EventQueue.h">
      <Filter>Header Files\Exercises_Architecture</Filter>
    </ClInclude>
    <ClInclude Include="Eigen_Test.h">
      <Filter>Header Files</Filter>
    </ClInclude>
    <ClInclude Include="exercise_static_extern_global.h">
      <Filter>Header Files\Exercises_Cpp</Filter>
    </ClInclude>
    <ClInclude Include="exercise_pointer_VS_reference.h">
      <Filter>Header Files\Exercises_Cpp</Filter>
    </ClInclude>
    <ClInclude Include="ECS_OOP_vs_DOD.h">
      <Filter>Header Files\Exercises_Architecture</Filter>
    </ClInclude>
    <ClInclude Include="exercise_inlude_forward_typedef.h">
      <Filter>Header Files\Exercises_Cpp</Filter>
    </ClInclude>
    <ClInclude Include="exercise_inheritance_polymorphism.h">
      <Filter>Header Files\Exercises_Cpp</Filter>
    </ClInclude>
    <ClInclude Include="Test_Inhertiance_Polymorphism.h">
      <Filter>Header Files\Test</Filter>
    </ClInclude>
    <ClInclude Include="Test_ECS_Inheritance01.h">
      <Filter>Header Files\Test</Filter>
    </ClInclude>
    <ClInclude Include="exercise_implement_smartPointer.h">
      <Filter>Header Files\Exercises_Cpp</Filter>
    </ClInclude>
  </ItemGroup>
</Project>